// !$*UTF8*$!
{
	archiveVersion = 1;
	classes = {
	};
	objectVersion = 46;
	objects = {

/* Begin PBXBuildFile section */
		5C8A2D721DE443360056554E /* AppDelegate.swift in Sources */ = {isa = PBXBuildFile; fileRef = 5C8A2D711DE443360056554E /* AppDelegate.swift */; };
		5C8A2D741DE443360056554E /* ViewController.swift in Sources */ = {isa = PBXBuildFile; fileRef = 5C8A2D731DE443360056554E /* ViewController.swift */; };
		5C8A2D771DE443360056554E /* Main.storyboard in Resources */ = {isa = PBXBuildFile; fileRef = 5C8A2D751DE443360056554E /* Main.storyboard */; };
		5C8A2D791DE443360056554E /* Assets.xcassets in Resources */ = {isa = PBXBuildFile; fileRef = 5C8A2D781DE443360056554E /* Assets.xcassets */; };
		5C8A2D7C1DE443360056554E /* LaunchScreen.storyboard in Resources */ = {isa = PBXBuildFile; fileRef = 5C8A2D7A1DE443360056554E /* LaunchScreen.storyboard */; };
		5C8A2D871DE443360056554E /* TimeMovieSwift3Tests.swift in Sources */ = {isa = PBXBuildFile; fileRef = 5C8A2D861DE443360056554E /* TimeMovieSwift3Tests.swift */; };
		5C8A2D921DE443360056554E /* TimeMovieSwift3UITests.swift in Sources */ = {isa = PBXBuildFile; fileRef = 5C8A2D911DE443360056554E /* TimeMovieSwift3UITests.swift */; };
/* End PBXBuildFile section */

/* Begin PBXContainerItemProxy section */
		5C8A2D831DE443360056554E /* PBXContainerItemProxy */ = {
			isa = PBXContainerItemProxy;
			containerPortal = 5C8A2D661DE443360056554E /* Project object */;
			proxyType = 1;
			remoteGlobalIDString = 5C8A2D6D1DE443360056554E;
			remoteInfo = TimeMovieSwift3;
		};
		5C8A2D8E1DE443360056554E /* PBXContainerItemProxy */ = {
			isa = PBXContainerItemProxy;
			containerPortal = 5C8A2D661DE443360056554E /* Project object */;
			proxyType = 1;
			remoteGlobalIDString = 5C8A2D6D1DE443360056554E;
			remoteInfo = TimeMovieSwift3;
		};
/* End PBXContainerItemProxy section */

/* Begin PBXFileReference section */
		5C8A2D6E1DE443360056554E /* TimeMovieSwift3.app */ = {isa = PBXFileReference; explicitFileType = wrapper.application; includeInIndex = 0; path = TimeMovieSwift3.app; sourceTree = BUILT_PRODUCTS_DIR; };
		5C8A2D711DE443360056554E /* AppDelegate.swift */ = {isa = PBXFileReference; lastKnownFileType = sourcecode.swift; path = AppDelegate.swift; sourceTree = "<group>"; };
		5C8A2D731DE443360056554E /* ViewController.swift */ = {isa = PBXFileReference; lastKnownFileType = sourcecode.swift; path = ViewController.swift; sourceTree = "<group>"; };
		5C8A2D761DE443360056554E /* Base */ = {isa = PBXFileReference; lastKnownFileType = file.storyboard; name = Base; path = Base.lproj/Main.storyboard; sourceTree = "<group>"; };
		5C8A2D781DE443360056554E /* Assets.xcassets */ = {isa = PBXFileReference; lastKnownFileType = folder.assetcatalog; path = Assets.xcassets; sourceTree = "<group>"; };
		5C8A2D7B1DE443360056554E /* Base */ = {isa = PBXFileReference; lastKnownFileType = file.storyboard; name = Base; path = Base.lproj/LaunchScreen.storyboard; sourceTree = "<group>"; };
		5C8A2D7D1DE443360056554E /* Info.plist */ = {isa = PBXFileReference; lastKnownFileType = text.plist.xml; path = Info.plist; sourceTree = "<group>"; };
		5C8A2D821DE443360056554E /* TimeMovieSwift3Tests.xctest */ = {isa = PBXFileReference; explicitFileType = wrapper.cfbundle; includeInIndex = 0; path = TimeMovieSwift3Tests.xctest; sourceTree = BUILT_PRODUCTS_DIR; };
		5C8A2D861DE443360056554E /* TimeMovieSwift3Tests.swift */ = {isa = PBXFileReference; lastKnownFileType = sourcecode.swift; path = TimeMovieSwift3Tests.swift; sourceTree = "<group>"; };
		5C8A2D881DE443360056554E /* Info.plist */ = {isa = PBXFileReference; lastKnownFileType = text.plist.xml; path = Info.plist; sourceTree = "<group>"; };
		5C8A2D8D1DE443360056554E /* TimeMovieSwift3UITests.xctest */ = {isa = PBXFileReference; explicitFileType = wrapper.cfbundle; includeInIndex = 0; path = TimeMovieSwift3UITests.xctest; sourceTree = BUILT_PRODUCTS_DIR; };
		5C8A2D911DE443360056554E /* TimeMovieSwift3UITests.swift */ = {isa = PBXFileReference; lastKnownFileType = sourcecode.swift; path = TimeMovieSwift3UITests.swift; sourceTree = "<group>"; };
		5C8A2D931DE443360056554E /* Info.plist */ = {isa = PBXFileReference; lastKnownFileType = text.plist.xml; path = Info.plist; sourceTree = "<group>"; };
/* End PBXFileReference section */

/* Begin PBXFrameworksBuildPhase section */
		5C8A2D6B1DE443360056554E /* Frameworks */ = {
			isa = PBXFrameworksBuildPhase;
			buildActionMask = 2147483647;
			files = (
			);
			runOnlyForDeploymentPostprocessing = 0;
		};
		5C8A2D7F1DE443360056554E /* Frameworks */ = {
			isa = PBXFrameworksBuildPhase;
			buildActionMask = 2147483647;
			files = (
			);
			runOnlyForDeploymentPostprocessing = 0;
		};
		5C8A2D8A1DE443360056554E /* Frameworks */ = {
			isa = PBXFrameworksBuildPhase;
			buildActionMask = 2147483647;
			files = (
			);
			runOnlyForDeploymentPostprocessing = 0;
		};
/* End PBXFrameworksBuildPhase section */

/* Begin PBXGroup section */
		5C8A2D651DE443360056554E = {
			isa = PBXGroup;
			children = (
				5C8A2D701DE443360056554E /* TimeMovieSwift3 */,
				5C8A2D851DE443360056554E /* TimeMovieSwift3Tests */,
				5C8A2D901DE443360056554E /* TimeMovieSwift3UITests */,
				5C8A2D6F1DE443360056554E /* Products */,
			);
			sourceTree = "<group>";
		};
		5C8A2D6F1DE443360056554E /* Products */ = {
			isa = PBXGroup;
			children = (
				5C8A2D6E1DE443360056554E /* TimeMovieSwift3.app */,
				5C8A2D821DE443360056554E /* TimeMovieSwift3Tests.xctest */,
				5C8A2D8D1DE443360056554E /* TimeMovieSwift3UITests.xctest */,
			);
			name = Products;
			sourceTree = "<group>";
		};
		5C8A2D701DE443360056554E /* TimeMovieSwift3 */ = {
			isa = PBXGroup;
			children = (
				5C8A2D711DE443360056554E /* AppDelegate.swift */,
				5C8A2D731DE443360056554E /* ViewController.swift */,
				5C8A2D751DE443360056554E /* Main.storyboard */,
				5C8A2D781DE443360056554E /* Assets.xcassets */,
				5C8A2D7A1DE443360056554E /* LaunchScreen.storyboard */,
				5C8A2D7D1DE443360056554E /* Info.plist */,
			);
			path = TimeMovieSwift3;
			sourceTree = "<group>";
		};
		5C8A2D851DE443360056554E /* TimeMovieSwift3Tests */ = {
			isa = PBXGroup;
			children = (
				5C8A2D861DE443360056554E /* TimeMovieSwift3Tests.swift */,
				5C8A2D881DE443360056554E /* Info.plist */,
			);
			path = TimeMovieSwift3Tests;
			sourceTree = "<group>";
		};
		5C8A2D901DE443360056554E /* TimeMovieSwift3UITests */ = {
			isa = PBXGroup;
			children = (
				5C8A2D911DE443360056554E /* TimeMovieSwift3UITests.swift */,
				5C8A2D931DE443360056554E /* Info.plist */,
			);
			path = TimeMovieSwift3UITests;
			sourceTree = "<group>";
		};
/* End PBXGroup section */

/* Begin PBXNativeTarget section */
		5C8A2D6D1DE443360056554E /* TimeMovieSwift3 */ = {
			isa = PBXNativeTarget;
			buildConfigurationList = 5C8A2D961DE443360056554E /* Build configuration list for PBXNativeTarget "TimeMovieSwift3" */;
			buildPhases = (
				5C8A2D6A1DE443360056554E /* Sources */,
				5C8A2D6B1DE443360056554E /* Frameworks */,
				5C8A2D6C1DE443360056554E /* Resources */,
			);
			buildRules = (
			);
			dependencies = (
			);
			name = TimeMovieSwift3;
			productName = TimeMovieSwift3;
			productReference = 5C8A2D6E1DE443360056554E /* TimeMovieSwift3.app */;
			productType = "com.apple.product-type.application";
		};
		5C8A2D811DE443360056554E /* TimeMovieSwift3Tests */ = {
			isa = PBXNativeTarget;
			buildConfigurationList = 5C8A2D991DE443360056554E /* Build configuration list for PBXNativeTarget "TimeMovieSwift3Tests" */;
			buildPhases = (
				5C8A2D7E1DE443360056554E /* Sources */,
				5C8A2D7F1DE443360056554E /* Frameworks */,
				5C8A2D801DE443360056554E /* Resources */,
			);
			buildRules = (
			);
			dependencies = (
				5C8A2D841DE443360056554E /* PBXTargetDependency */,
			);
			name = TimeMovieSwift3Tests;
			productName = TimeMovieSwift3Tests;
			productReference = 5C8A2D821DE443360056554E /* TimeMovieSwift3Tests.xctest */;
			productType = "com.apple.product-type.bundle.unit-test";
		};
		5C8A2D8C1DE443360056554E /* TimeMovieSwift3UITests */ = {
			isa = PBXNativeTarget;
			buildConfigurationList = 5C8A2D9C1DE443360056554E /* Build configuration list for PBXNativeTarget "TimeMovieSwift3UITests" */;
			buildPhases = (
				5C8A2D891DE443360056554E /* Sources */,
				5C8A2D8A1DE443360056554E /* Frameworks */,
				5C8A2D8B1DE443360056554E /* Resources */,
			);
			buildRules = (
			);
			dependencies = (
				5C8A2D8F1DE443360056554E /* PBXTargetDependency */,
			);
			name = TimeMovieSwift3UITests;
			productName = TimeMovieSwift3UITests;
			productReference = 5C8A2D8D1DE443360056554E /* TimeMovieSwift3UITests.xctest */;
			productType = "com.apple.product-type.bundle.ui-testing";
		};
/* End PBXNativeTarget section */

/* Begin PBXProject section */
		5C8A2D661DE443360056554E /* Project object */ = {
			isa = PBXProject;
			attributes = {
				LastSwiftUpdateCheck = 0810;
				LastUpgradeCheck = 0810;
				ORGANIZATIONNAME = rocky;
				TargetAttributes = {
					5C8A2D6D1DE443360056554E = {
						CreatedOnToolsVersion = 8.1;
						ProvisioningStyle = Automatic;
					};
					5C8A2D811DE443360056554E = {
						CreatedOnToolsVersion = 8.1;
						ProvisioningStyle = Automatic;
						TestTargetID = 5C8A2D6D1DE443360056554E;
					};
					5C8A2D8C1DE443360056554E = {
						CreatedOnToolsVersion = 8.1;
						ProvisioningStyle = Automatic;
						TestTargetID = 5C8A2D6D1DE443360056554E;
					};
				};
			};
			buildConfigurationList = 5C8A2D691DE443360056554E /* Build configuration list for PBXProject "TimeMovieSwift3" */;
			compatibilityVersion = "Xcode 3.2";
			developmentRegion = English;
			hasScannedForEncodings = 0;
			knownRegions = (
				en,
				Base,
			);
			mainGroup = 5C8A2D651DE443360056554E;
			productRefGroup = 5C8A2D6F1DE443360056554E /* Products */;
			projectDirPath = "";
			projectRoot = "";
			targets = (
				5C8A2D6D1DE443360056554E /* TimeMovieSwift3 */,
				5C8A2D811DE443360056554E /* TimeMovieSwift3Tests */,
				5C8A2D8C1DE443360056554E /* TimeMovieSwift3UITests */,
			);
		};
/* End PBXProject section */

/* Begin PBXResourcesBuildPhase section */
		5C8A2D6C1DE443360056554E /* Resources */ = {
			isa = PBXResourcesBuildPhase;
			buildActionMask = 2147483647;
			files = (
				5C8A2D7C1DE443360056554E /* LaunchScreen.storyboard in Resources */,
				5C8A2D791DE443360056554E /* Assets.xcassets in Resources */,
				5C8A2D771DE443360056554E /* Main.storyboard in Resources */,
			);
			runOnlyForDeploymentPostprocessing = 0;
		};
		5C8A2D801DE443360056554E /* Resources */ = {
			isa = PBXResourcesBuildPhase;
			buildActionMask = 2147483647;
			files = (
			);
			runOnlyForDeploymentPostprocessing = 0;
		};
		5C8A2D8B1DE443360056554E /* Resources */ = {
			isa = PBXResourcesBuildPhase;
			buildActionMask = 2147483647;
			files = (
			);
			runOnlyForDeploymentPostprocessing = 0;
		};
/* End PBXResourcesBuildPhase section */

/* Begin PBXSourcesBuildPhase section */
		5C8A2D6A1DE443360056554E /* Sources */ = {
			isa = PBXSourcesBuildPhase;
			buildActionMask = 2147483647;
			files = (
				5C8A2D741DE443360056554E /* ViewController.swift in Sources */,
				5C8A2D721DE443360056554E /* AppDelegate.swift in Sources */,
			);
			runOnlyForDeploymentPostprocessing = 0;
		};
		5C8A2D7E1DE443360056554E /* Sources */ = {
			isa = PBXSourcesBuildPhase;
			buildActionMask = 2147483647;
			files = (
				5C8A2D871DE443360056554E /* TimeMovieSwift3Tests.swift in Sources */,
			);
			runOnlyForDeploymentPostprocessing = 0;
		};
		5C8A2D891DE443360056554E /* Sources */ = {
			isa = PBXSourcesBuildPhase;
			buildActionMask = 2147483647;
			files = (
				5C8A2D921DE443360056554E /* TimeMovieSwift3UITests.swift in Sources */,
			);
			runOnlyForDeploymentPostprocessing = 0;
		};
/* End PBXSourcesBuildPhase section */

/* Begin PBXTargetDependency section */
		5C8A2D841DE443360056554E /* PBXTargetDependency */ = {
			isa = PBXTargetDependency;
			target = 5C8A2D6D1DE443360056554E /* TimeMovieSwift3 */;
			targetProxy = 5C8A2D831DE443360056554E /* PBXContainerItemProxy */;
		};
		5C8A2D8F1DE443360056554E /* PBXTargetDependency */ = {
			isa = PBXTargetDependency;
			target = 5C8A2D6D1DE443360056554E /* TimeMovieSwift3 */;
			targetProxy = 5C8A2D8E1DE443360056554E /* PBXContainerItemProxy */;
		};
/* End PBXTargetDependency section */

/* Begin PBXVariantGroup section */
		5C8A2D751DE443360056554E /* Main.storyboard */ = {
			isa = PBXVariantGroup;
			children = (
				5C8A2D761DE443360056554E /* Base */,
			);
			name = Main.storyboard;
			sourceTree = "<group>";
		};
		5C8A2D7A1DE443360056554E /* LaunchScreen.storyboard */ = {
			isa = PBXVariantGroup;
			children = (
				5C8A2D7B1DE443360056554E /* Base */,
			);
			name = LaunchScreen.storyboard;
			sourceTree = "<group>";
		};
/* End PBXVariantGroup section */

/* Begin XCBuildConfiguration section */
		5C8A2D941DE443360056554E /* Debug */ = {
			isa = XCBuildConfiguration;
			buildSettings = {
				ALWAYS_SEARCH_USER_PATHS = NO;
				CLANG_ANALYZER_NONNULL = YES;
				CLANG_CXX_LANGUAGE_STANDARD = "gnu++0x";
				CLANG_CXX_LIBRARY = "libc++";
				CLANG_ENABLE_MODULES = YES;
				CLANG_ENABLE_OBJC_ARC = YES;
				CLANG_WARN_BOOL_CONVERSION = YES;
				CLANG_WARN_CONSTANT_CONVERSION = YES;
				CLANG_WARN_DIRECT_OBJC_ISA_USAGE = YES_ERROR;
				CLANG_WARN_DOCUMENTATION_COMMENTS = YES;
				CLANG_WARN_EMPTY_BODY = YES;
				CLANG_WARN_ENUM_CONVERSION = YES;
				CLANG_WARN_INFINITE_RECURSION = YES;
				CLANG_WARN_INT_CONVERSION = YES;
				CLANG_WARN_OBJC_ROOT_CLASS = YES_ERROR;
				CLANG_WARN_SUSPICIOUS_MOVES = YES;
				CLANG_WARN_UNREACHABLE_CODE = YES;
				CLANG_WARN__DUPLICATE_METHOD_MATCH = YES;
				"CODE_SIGN_IDENTITY[sdk=iphoneos*]" = "iPhone Developer";
				COPY_PHASE_STRIP = NO;
				DEBUG_INFORMATION_FORMAT = dwarf;
				ENABLE_STRICT_OBJC_MSGSEND = YES;
				ENABLE_TESTABILITY = YES;
				GCC_C_LANGUAGE_STANDARD = gnu99;
				GCC_DYNAMIC_NO_PIC = NO;
				GCC_NO_COMMON_BLOCKS = YES;
				GCC_OPTIMIZATION_LEVEL = 0;
				GCC_PREPROCESSOR_DEFINITIONS = (
					"DEBUG=1",
					"$(inherited)",
				);
				GCC_WARN_64_TO_32_BIT_CONVERSION = YES;
				GCC_WARN_ABOUT_RETURN_TYPE = YES_ERROR;
				GCC_WARN_UNDECLARED_SELECTOR = YES;
				GCC_WARN_UNINITIALIZED_AUTOS = YES_AGGRESSIVE;
				GCC_WARN_UNUSED_FUNCTION = YES;
				GCC_WARN_UNUSED_VARIABLE = YES;
				IPHONEOS_DEPLOYMENT_TARGET = 10.1;
				MTL_ENABLE_DEBUG_INFO = YES;
				ONLY_ACTIVE_ARCH = YES;
				SDKROOT = iphoneos;
				SWIFT_ACTIVE_COMPILATION_CONDITIONS = DEBUG;
				SWIFT_OPTIMIZATION_LEVEL = "-Onone";
				TARGETED_DEVICE_FAMILY = "1,2";
			};
			name = Debug;
		};
		5C8A2D951DE443360056554E /* Release */ = {
			isa = XCBuildConfiguration;
			buildSettings = {
				ALWAYS_SEARCH_USER_PATHS = NO;
				CLANG_ANALYZER_NONNULL = YES;
				CLANG_CXX_LANGUAGE_STANDARD = "gnu++0x";
				CLANG_CXX_LIBRARY = "libc++";
				CLANG_ENABLE_MODULES = YES;
				CLANG_ENABLE_OBJC_ARC = YES;
				CLANG_WARN_BOOL_CONVERSION = YES;
				CLANG_WARN_CONSTANT_CONVERSION = YES;
				CLANG_WARN_DIRECT_OBJC_ISA_USAGE = YES_ERROR;
				CLANG_WARN_DOCUMENTATION_COMMENTS = YES;
				CLANG_WARN_EMPTY_BODY = YES;
				CLANG_WARN_ENUM_CONVERSION = YES;
				CLANG_WARN_INFINITE_RECURSION = YES;
				CLANG_WARN_INT_CONVERSION = YES;
				CLANG_WARN_OBJC_ROOT_CLASS = YES_ERROR;
				CLANG_WARN_SUSPICIOUS_MOVES = YES;
				CLANG_WARN_UNREACHABLE_CODE = YES;
				CLANG_WARN__DUPLICATE_METHOD_MATCH = YES;
				"CODE_SIGN_IDENTITY[sdk=iphoneos*]" = "iPhone Developer";
				COPY_PHASE_STRIP = NO;
				DEBUG_INFORMATION_FORMAT = "dwarf-with-dsym";
				ENABLE_NS_ASSERTIONS = NO;
				ENABLE_STRICT_OBJC_MSGSEND = YES;
				GCC_C_LANGUAGE_STANDARD = gnu99;
				GCC_NO_COMMON_BLOCKS = YES;
				GCC_WARN_64_TO_32_BIT_CONVERSION = YES;
				GCC_WARN_ABOUT_RETURN_TYPE = YES_ERROR;
				GCC_WARN_UNDECLARED_SELECTOR = YES;
				GCC_WARN_UNINITIALIZED_AUTOS = YES_AGGRESSIVE;
				GCC_WARN_UNUSED_FUNCTION = YES;
				GCC_WARN_UNUSED_VARIABLE = YES;
				IPHONEOS_DEPLOYMENT_TARGET = 10.1;
				MTL_ENABLE_DEBUG_INFO = NO;
				SDKROOT = iphoneos;
				SWIFT_OPTIMIZATION_LEVEL = "-Owholemodule";
				TARGETED_DEVICE_FAMILY = "1,2";
				VALIDATE_PRODUCT = YES;
			};
			name = Release;
		};
		5C8A2D971DE443360056554E /* Debug */ = {
			isa = XCBuildConfiguration;
			buildSettings = {
				ASSETCATALOG_COMPILER_APPICON_NAME = AppIcon;
				INFOPLIST_FILE = TimeMovieSwift3/Info.plist;
				LD_RUNPATH_SEARCH_PATHS = "$(inherited) @executable_path/Frameworks";
				PRODUCT_BUNDLE_IDENTIFIER = rocky.TimeMovieSwift3;
				PRODUCT_NAME = "$(TARGET_NAME)";
				SWIFT_VERSION = 3.0;
			};
			name = Debug;
		};
		5C8A2D981DE443360056554E /* Release */ = {
			isa = XCBuildConfiguration;
			buildSettings = {
				ASSETCATALOG_COMPILER_APPICON_NAME = AppIcon;
				INFOPLIST_FILE = TimeMovieSwift3/Info.plist;
				LD_RUNPATH_SEARCH_PATHS = "$(inherited) @executable_path/Frameworks";
				PRODUCT_BUNDLE_IDENTIFIER = rocky.TimeMovieSwift3;
				PRODUCT_NAME = "$(TARGET_NAME)";
				SWIFT_VERSION = 3.0;
			};
			name = Release;
		};
		5C8A2D9A1DE443360056554E /* Debug */ = {
			isa = XCBuildConfiguration;
			buildSettings = {
				ALWAYS_EMBED_SWIFT_STANDARD_LIBRARIES = YES;
				BUNDLE_LOADER = "$(TEST_HOST)";
				INFOPLIST_FILE = TimeMovieSwift3Tests/Info.plist;
				LD_RUNPATH_SEARCH_PATHS = "$(inherited) @executable_path/Frameworks @loader_path/Frameworks";
				PRODUCT_BUNDLE_IDENTIFIER = rocky.TimeMovieSwift3Tests;
				PRODUCT_NAME = "$(TARGET_NAME)";
				SWIFT_VERSION = 3.0;
				TEST_HOST = "$(BUILT_PRODUCTS_DIR)/TimeMovieSwift3.app/TimeMovieSwift3";
			};
			name = Debug;
		};
		5C8A2D9B1DE443360056554E /* Release */ = {
			isa = XCBuildConfiguration;
			buildSettings = {
				ALWAYS_EMBED_SWIFT_STANDARD_LIBRARIES = YES;
				BUNDLE_LOADER = "$(TEST_HOST)";
				INFOPLIST_FILE = TimeMovieSwift3Tests/Info.plist;
				LD_RUNPATH_SEARCH_PATHS = "$(inherited) @executable_path/Frameworks @loader_path/Frameworks";
				PRODUCT_BUNDLE_IDENTIFIER = rocky.TimeMovieSwift3Tests;
				PRODUCT_NAME = "$(TARGET_NAME)";
				SWIFT_VERSION = 3.0;
				TEST_HOST = "$(BUILT_PRODUCTS_DIR)/TimeMovieSwift3.app/TimeMovieSwift3";
			};
			name = Release;
		};
		5C8A2D9D1DE443360056554E /* Debug */ = {
			isa = XCBuildConfiguration;
			buildSettings = {
				ALWAYS_EMBED_SWIFT_STANDARD_LIBRARIES = YES;
				INFOPLIST_FILE = TimeMovieSwift3UITests/Info.plist;
				LD_RUNPATH_SEARCH_PATHS = "$(inherited) @executable_path/Frameworks @loader_path/Frameworks";
				PRODUCT_BUNDLE_IDENTIFIER = rocky.TimeMovieSwift3UITests;
				PRODUCT_NAME = "$(TARGET_NAME)";
				SWIFT_VERSION = 3.0;
				TEST_TARGET_NAME = TimeMovieSwift3;
			};
			name = Debug;
		};
		5C8A2D9E1DE443360056554E /* Release */ = {
			isa = XCBuildConfiguration;
			buildSettings = {
				ALWAYS_EMBED_SWIFT_STANDARD_LIBRARIES = YES;
				INFOPLIST_FILE = TimeMovieSwift3UITests/Info.plist;
				LD_RUNPATH_SEARCH_PATHS = "$(inherited) @executable_path/Frameworks @loader_path/Frameworks";
				PRODUCT_BUNDLE_IDENTIFIER = rocky.TimeMovieSwift3UITests;
				PRODUCT_NAME = "$(TARGET_NAME)";
				SWIFT_VERSION = 3.0;
				TEST_TARGET_NAME = TimeMovieSwift3;
			};
			name = Release;
		};
/* End XCBuildConfiguration section */

/* Begin XCConfigurationList section */
		5C8A2D691DE443360056554E /* Build configuration list for PBXProject "TimeMovieSwift3" */ = {
			isa = XCConfigurationList;
			buildConfigurations = (
				5C8A2D941DE443360056554E /* Debug */,
				5C8A2D951DE443360056554E /* Release */,
			);
			defaultConfigurationIsVisible = 0;
			defaultConfigurationName = Release;
		};
		5C8A2D961DE443360056554E /* Build configuration list for PBXNativeTarget "TimeMovieSwift3" */ = {
			isa = XCConfigurationList;
			buildConfigurations = (
				5C8A2D971DE443360056554E /* Debug */,
				5C8A2D981DE443360056554E /* Release */,
			);
			defaultConfigurationIsVisible = 0;
		};
		5C8A2D991DE443360056554E /* Build configuration list for PBXNativeTarget "TimeMovieSwift3Tests" */ = {
			isa = XCConfigurationList;
			buildConfigurations = (
				5C8A2D9A1DE443360056554E /* Debug */,
				5C8A2D9B1DE443360056554E /* Release */,
			);
			defaultConfigurationIsVisible = 0;
		};
		5C8A2D9C1DE443360056554E /* Build configuration list for PBXNativeTarget "TimeMovieSwift3UITests" */ = {
			isa = XCConfigurationList;
			buildConfigurations = (
				5C8A2D9D1DE443360056554E /* Debug */,
				5C8A2D9E1DE443360056554E /* Release */,
			);
			defaultConfigurationIsVisible = 0;
		};
/* End XCConfigurationList section */
	};
	rootObject = 5C8A2D661DE443360056554E /* Project object */;
}
